github.com/athul/archie v0.0.0-20251011123046-a3a574f7e90f h1:KZSRWJnmNlaEMivz0Qmu+4L+vKD4+mC6g1WvKkcrOBI=
github.com/athul/archie v0.0.0-20251011123046-a3a574f7e90f/go.mod h1:toV1NH0HG3QeUEXX3aXgyCLuSh9JjAdCSge+cKN7LFs=
github.com/gethugothemes/hugo-modules/icons/themify-icons v0.0.0-20251117073232-ef5b4666824c h1:jhTkDeiUDQ2872SzH2BXtcTN3cDqKON/iTkpcFEw/ck=
github.com/gethugothemes/hugo-modules/icons/themify-icons v0.0.0-20251117073232-ef5b4666824c/go.mod h1:hWopv9exSUsFbNUzWemaFvPdyPay0lrqTMHkJXi4n+Y=
github.com/jpanther/lynx v1.4.0 h1:ymYkoVjFXkdzSD6YBjF6zsTUK3kSi3QTxtxpHtsnlhw=
github.com/jpanther/lynx v1.4.0/go.mod h1:nUK1+IfScKhRA3/jBH+YCYfpO3znP5Nsm6ROFGpma44=
