github.com/athul/archie v0.0.0-20251011123046-a3a574f7e90f h1:KZSRWJnmNlaEMivz0Qmu+4L+vKD4+mC6g1WvKkcrOBI=
github.com/athul/archie v0.0.0-20251011123046-a3a574f7e90f/go.mod h1:toV1NH0HG3QeUEXX3aXgyCLuSh9JjAdCSge+cKN7LFs=
github.com/haydenk/hugo-hondo v0.0.0-20250427150252-2836862edcec h1:vK33X1vLGbgOUucClPU5cJxDYVNWdFscxJVrN4l8aRc=
github.com/haydenk/hugo-hondo v0.0.0-20250427150252-2836862edcec/go.mod h1:NqG3LBIt1Pbnk2+7nutWtIKjKycgiVsN7L+dH9ltNso=
