github.com/haydenk/hugo-cayman v0.0.0-20260106135746-62afb946a448 h1:zIqbrXfQYEAFNFli9RYizdS+/YWeevx7FPhZtVv7UG0=
github.com/haydenk/hugo-cayman v0.0.0-20260106135746-62afb946a448/go.mod h1:dEZ6kQ9aB+2eyqx41zT1HVrP7B6bzsTWD3KG5+Rf/Ig=
github.com/haydenk/hugo-cayman v0.0.0-20260107020015-125c9e4093b6 h1:9ndw8qggWIpu2r5BZ28VC4PXjXNu2ERdBU2zm7cTOoQ=
github.com/haydenk/hugo-cayman v0.0.0-20260107020015-125c9e4093b6/go.mod h1:dEZ6kQ9aB+2eyqx41zT1HVrP7B6bzsTWD3KG5+Rf/Ig=
github.com/haydenk/hugo-cayman v0.0.0-20260107035310-1738938dd6df h1:mkY2sZU1TmjVu0SLlyYVDZbDaQPXUw7PJo7wdnDkAy0=
github.com/haydenk/hugo-cayman v0.0.0-20260107035310-1738938dd6df/go.mod h1:dEZ6kQ9aB+2eyqx41zT1HVrP7B6bzsTWD3KG5+Rf/Ig=
github.com/haydenk/hugo-cayman v0.0.0-20260107035940-30c22bf760b2 h1:I0b1CtkaRXHYETfiRIj4mCsm68PrgW+42/lZjWUCofg=
github.com/haydenk/hugo-cayman v0.0.0-20260107035940-30c22bf760b2/go.mod h1:dEZ6kQ9aB+2eyqx41zT1HVrP7B6bzsTWD3KG5+Rf/Ig=
